
Microsoft Visual Studio Solution File, Format Version 12.00
# Visual Studio 15
VisualStudioVersion = 15.0.28010.2016
MinimumVisualStudioVersion = 10.0.40219.1
Project("{888888A0-9F3D-457C-B088-3A5042F75D52}") = "guess-the-number", "guess-the-number.pyproj", "{457AE620-1B8D-4655-82BD-9C7CDF105AFA}"
EndProject
Global
	GlobalSection(SolutionConfigurationPlatforms) = preSolution
		Debug|Any CPU = Debug|Any CPU
		Release|Any CPU = Release|Any CPU
	EndGlobalSection
	GlobalSection(ProjectConfigurationPlatforms) = postSolution
		{457AE620-1B8D-4655-82BD-9C7CDF105AFA}.Debug|Any CPU.ActiveCfg = Debug|Any CPU
		{457AE620-1B8D-4655-82BD-9C7CDF105AFA}.Release|Any CPU.ActiveCfg = Release|Any CPU
	EndGlobalSection
	GlobalSection(SolutionProperties) = preSolution
		HideSolutionNode = FALSE
	EndGlobalSection
	GlobalSection(ExtensibilityGlobals) = postSolution
		SolutionGuid = {577FEF38-1CF4-4C8B-B286-9634DDCA3986}
	EndGlobalSection
EndGlobal
